// !$*UTF8*$!
{
	archiveVersion = 1;
	classes = {
	};
	objectVersion = 56;
	objects = {

/* Begin PBXBuildFile section */
		A1E04A7E28F068F3000FBFD2 /* AppDelegate.swift in Sources */ = {isa = PBXBuildFile; fileRef = A1E04A7D28F068F3000FBFD2 /* AppDelegate.swift */; };
		A1E04A8028F068F3000FBFD2 /* SceneDelegate.swift in Sources */ = {isa = PBXBuildFile; fileRef = A1E04A7F28F068F3000FBFD2 /* SceneDelegate.swift */; };
		A1E04A8228F068F3000FBFD2 /* ViewController.swift in Sources */ = {isa = PBXBuildFile; fileRef = A1E04A8128F068F3000FBFD2 /* ViewController.swift */; };
		A1E04A8528F068F3000FBFD2 /* Main.storyboard in Resources */ = {isa = PBXBuildFile; fileRef = A1E04A8328F068F3000FBFD2 /* Main.storyboard */; };
		A1E04A8728F068F5000FBFD2 /* Assets.xcassets in Resources */ = {isa = PBXBuildFile; fileRef = A1E04A8628F068F5000FBFD2 /* Assets.xcassets */; };
		A1E04A8A28F068F5000FBFD2 /* LaunchScreen.storyboard in Resources */ = {isa = PBXBuildFile; fileRef = A1E04A8828F068F5000FBFD2 /* LaunchScreen.storyboard */; };
		A1E04A9428F06DDC000FBFD2 /* HomeViewController.swift in Sources */ = {isa = PBXBuildFile; fileRef = A1E04A9328F06DDC000FBFD2 /* HomeViewController.swift */; };
		A1E04A9628F06E1C000FBFD2 /* ExitViewController.swift in Sources */ = {isa = PBXBuildFile; fileRef = A1E04A9528F06E1C000FBFD2 /* ExitViewController.swift */; };
		A1E04A9828F0B8AE000FBFD2 /* AnimalImageViewController.swift in Sources */ = {isa = PBXBuildFile; fileRef = A1E04A9728F0B8AE000FBFD2 /* AnimalImageViewController.swift */; };
		A1E04A9A28F0C7D9000FBFD2 /* BrowseCatalogViewController.swift in Sources */ = {isa = PBXBuildFile; fileRef = A1E04A9928F0C7D9000FBFD2 /* BrowseCatalogViewController.swift */; };
/* End PBXBuildFile section */

/* Begin PBXFileReference section */
		A1E04A7A28F068F3000FBFD2 /* figma1.app */ = {isa = PBXFileReference; explicitFileType = wrapper.application; includeInIndex = 0; path = figma1.app; sourceTree = BUILT_PRODUCTS_DIR; };
		A1E04A7D28F068F3000FBFD2 /* AppDelegate.swift */ = {isa = PBXFileReference; lastKnownFileType = sourcecode.swift; path = AppDelegate.swift; sourceTree = "<group>"; };
		A1E04A7F28F068F3000FBFD2 /* SceneDelegate.swift */ = {isa = PBXFileReference; lastKnownFileType = sourcecode.swift; path = SceneDelegate.swift; sourceTree = "<group>"; };
		A1E04A8128F068F3000FBFD2 /* ViewController.swift */ = {isa = PBXFileReference; lastKnownFileType = sourcecode.swift; path = ViewController.swift; sourceTree = "<group>"; };
		A1E04A8428F068F3000FBFD2 /* Base */ = {isa = PBXFileReference; lastKnownFileType = file.storyboard; name = Base; path = Base.lproj/Main.storyboard; sourceTree = "<group>"; };
		A1E04A8628F068F5000FBFD2 /* Assets.xcassets */ = {isa = PBXFileReference; lastKnownFileType = folder.assetcatalog; path = Assets.xcassets; sourceTree = "<group>"; };
		A1E04A8928F068F5000FBFD2 /* Base */ = {isa = PBXFileReference; lastKnownFileType = file.storyboard; name = Base; path = Base.lproj/LaunchScreen.storyboard; sourceTree = "<group>"; };
		A1E04A8B28F068F5000FBFD2 /* Info.plist */ = {isa = PBXFileReference; lastKnownFileType = text.plist.xml; path = Info.plist; sourceTree = "<group>"; };
		A1E04A9328F06DDC000FBFD2 /* HomeViewController.swift */ = {isa = PBXFileReference; lastKnownFileType = sourcecode.swift; path = HomeViewController.swift; sourceTree = "<group>"; };
		A1E04A9528F06E1C000FBFD2 /* ExitViewController.swift */ = {isa = PBXFileReference; lastKnownFileType = sourcecode.swift; path = ExitViewController.swift; sourceTree = "<group>"; };
		A1E04A9728F0B8AE000FBFD2 /* AnimalImageViewController.swift */ = {isa = PBXFileReference; lastKnownFileType = sourcecode.swift; path = AnimalImageViewController.swift; sourceTree = "<group>"; };
		A1E04A9928F0C7D9000FBFD2 /* BrowseCatalogViewController.swift */ = {isa = PBXFileReference; lastKnownFileType = sourcecode.swift; path = BrowseCatalogViewController.swift; sourceTree = "<group>"; };
/* End PBXFileReference section */

/* Begin PBXFrameworksBuildPhase section */
		A1E04A7728F068F3000FBFD2 /* Frameworks */ = {
			isa = PBXFrameworksBuildPhase;
			buildActionMask = 2147483647;
			files = (
			);
			runOnlyForDeploymentPostprocessing = 0;
		};
/* End PBXFrameworksBuildPhase section */

/* Begin PBXGroup section */
		A1E04A7128F068F3000FBFD2 = {
			isa = PBXGroup;
			children = (
				A1E04A7C28F068F3000FBFD2 /* figma1 */,
				A1E04A7B28F068F3000FBFD2 /* Products */,
			);
			sourceTree = "<group>";
		};
		A1E04A7B28F068F3000FBFD2 /* Products */ = {
			isa = PBXGroup;
			children = (
				A1E04A7A28F068F3000FBFD2 /* figma1.app */,
			);
			name = Products;
			sourceTree = "<group>";
		};
		A1E04A7C28F068F3000FBFD2 /* figma1 */ = {
			isa = PBXGroup;
			children = (
				A1F964E928F884A900181795 /* Resources */,
				A1F964E828F8849A00181795 /* Storyboards */,
				A1F964E728F8848900181795 /* ViewControllers */,
				A1F964E628F8848000181795 /* App */,
				A1F964E528F8847500181795 /* Services */,
			);
			path = figma1;
			sourceTree = "<group>";
		};
		A1F964E528F8847500181795 /* Services */ = {
			isa = PBXGroup;
			children = (
			);
			path = Services;
			sourceTree = "<group>";
		};
		A1F964E628F8848000181795 /* App */ = {
			isa = PBXGroup;
			children = (
				A1E04A8B28F068F5000FBFD2 /* Info.plist */,
				A1E04A7F28F068F3000FBFD2 /* SceneDelegate.swift */,
				A1E04A7D28F068F3000FBFD2 /* AppDelegate.swift */,
			);
			path = App;
			sourceTree = "<group>";
		};
		A1F964E728F8848900181795 /* ViewControllers */ = {
			isa = PBXGroup;
			children = (
				A1E04A8128F068F3000FBFD2 /* ViewController.swift */,
				A1E04A9328F06DDC000FBFD2 /* HomeViewController.swift */,
				A1E04A9528F06E1C000FBFD2 /* ExitViewController.swift */,
				A1E04A9728F0B8AE000FBFD2 /* AnimalImageViewController.swift */,
				A1E04A9928F0C7D9000FBFD2 /* BrowseCatalogViewController.swift */,
			);
			path = ViewControllers;
			sourceTree = "<group>";
		};
		A1F964E828F8849A00181795 /* Storyboards */ = {
			isa = PBXGroup;
			children = (
				A1E04A8828F068F5000FBFD2 /* LaunchScreen.storyboard */,
				A1E04A8328F068F3000FBFD2 /* Main.storyboard */,
			);
			path = Storyboards;
			sourceTree = "<group>";
		};
		A1F964E928F884A900181795 /* Resources */ = {
			isa = PBXGroup;
			children = (
				A1E04A8628F068F5000FBFD2 /* Assets.xcassets */,
			);
			path = Resources;
			sourceTree = "<group>";
		};
/* End PBXGroup section */

/* Begin PBXNativeTarget section */
		A1E04A7928F068F3000FBFD2 /* figma1 */ = {
			isa = PBXNativeTarget;
			buildConfigurationList = A1E04A8E28F068F5000FBFD2 /* Build configuration list for PBXNativeTarget "figma1" */;
			buildPhases = (
				A1E04A7628F068F3000FBFD2 /* Sources */,
				A1E04A7728F068F3000FBFD2 /* Frameworks */,
				A1E04A7828F068F3000FBFD2 /* Resources */,
			);
			buildRules = (
			);
			dependencies = (
			);
			name = figma1;
			productName = figma1;
			productReference = A1E04A7A28F068F3000FBFD2 /* figma1.app */;
			productType = "com.apple.product-type.application";
		};
/* End PBXNativeTarget section */

/* Begin PBXProject section */
		A1E04A7228F068F3000FBFD2 /* Project object */ = {
			isa = PBXProject;
			attributes = {
				BuildIndependentTargetsInParallel = 1;
				LastSwiftUpdateCheck = 1400;
				LastUpgradeCheck = 1400;
				TargetAttributes = {
					A1E04A7928F068F3000FBFD2 = {
						CreatedOnToolsVersion = 14.0.1;
					};
				};
			};
			buildConfigurationList = A1E04A7528F068F3000FBFD2 /* Build configuration list for PBXProject "figma1" */;
			compatibilityVersion = "Xcode 14.0";
			developmentRegion = en;
			hasScannedForEncodings = 0;
			knownRegions = (
				en,
				Base,
			);
			mainGroup = A1E04A7128F068F3000FBFD2;
			productRefGroup = A1E04A7B28F068F3000FBFD2 /* Products */;
			projectDirPath = "";
			projectRoot = "";
			targets = (
				A1E04A7928F068F3000FBFD2 /* figma1 */,
			);
		};
/* End PBXProject section */

/* Begin PBXResourcesBuildPhase section */
		A1E04A7828F068F3000FBFD2 /* Resources */ = {
			isa = PBXResourcesBuildPhase;
			buildActionMask = 2147483647;
			files = (
				A1E04A8A28F068F5000FBFD2 /* LaunchScreen.storyboard in Resources */,
				A1E04A8728F068F5000FBFD2 /* Assets.xcassets in Resources */,
				A1E04A8528F068F3000FBFD2 /* Main.storyboard in Resources */,
			);
			runOnlyForDeploymentPostprocessing = 0;
		};
/* End PBXResourcesBuildPhase section */

/* Begin PBXSourcesBuildPhase section */
		A1E04A7628F068F3000FBFD2 /* Sources */ = {
			isa = PBXSourcesBuildPhase;
			buildActionMask = 2147483647;
			files = (
				A1E04A9A28F0C7D9000FBFD2 /* BrowseCatalogViewController.swift in Sources */,
				A1E04A9428F06DDC000FBFD2 /* HomeViewController.swift in Sources */,
				A1E04A8228F068F3000FBFD2 /* ViewController.swift in Sources */,
				A1E04A7E28F068F3000FBFD2 /* AppDelegate.swift in Sources */,
				A1E04A9628F06E1C000FBFD2 /* ExitViewController.swift in Sources */,
				A1E04A8028F068F3000FBFD2 /* SceneDelegate.swift in Sources */,
				A1E04A9828F0B8AE000FBFD2 /* AnimalImageViewController.swift in Sources */,
			);
			runOnlyForDeploymentPostprocessing = 0;
		};
/* End PBXSourcesBuildPhase section */

/* Begin PBXVariantGroup section */
		A1E04A8328F068F3000FBFD2 /* Main.storyboard */ = {
			isa = PBXVariantGroup;
			children = (
				A1E04A8428F068F3000FBFD2 /* Base */,
			);
			name = Main.storyboard;
			sourceTree = "<group>";
		};
		A1E04A8828F068F5000FBFD2 /* LaunchScreen.storyboard */ = {
			isa = PBXVariantGroup;
			children = (
				A1E04A8928F068F5000FBFD2 /* Base */,
			);
			name = LaunchScreen.storyboard;
			sourceTree = "<group>";
		};
/* End PBXVariantGroup section */

/* Begin XCBuildConfiguration section */
		A1E04A8C28F068F5000FBFD2 /* Debug */ = {
			isa = XCBuildConfiguration;
			buildSettings = {
				ALWAYS_SEARCH_USER_PATHS = NO;
				CLANG_ANALYZER_NONNULL = YES;
				CLANG_ANALYZER_NUMBER_OBJECT_CONVERSION = YES_AGGRESSIVE;
				CLANG_CXX_LANGUAGE_STANDARD = "gnu++20";
				CLANG_ENABLE_MODULES = YES;
				CLANG_ENABLE_OBJC_ARC = YES;
				CLANG_ENABLE_OBJC_WEAK = YES;
				CLANG_WARN_BLOCK_CAPTURE_AUTORELEASING = YES;
				CLANG_WARN_BOOL_CONVERSION = YES;
				CLANG_WARN_COMMA = YES;
				CLANG_WARN_CONSTANT_CONVERSION = YES;
				CLANG_WARN_DEPRECATED_OBJC_IMPLEMENTATIONS = YES;
				CLANG_WARN_DIRECT_OBJC_ISA_USAGE = YES_ERROR;
				CLANG_WARN_DOCUMENTATION_COMMENTS = YES;
				CLANG_WARN_EMPTY_BODY = YES;
				CLANG_WARN_ENUM_CONVERSION = YES;
				CLANG_WARN_INFINITE_RECURSION = YES;
				CLANG_WARN_INT_CONVERSION = YES;
				CLANG_WARN_NON_LITERAL_NULL_CONVERSION = YES;
				CLANG_WARN_OBJC_IMPLICIT_RETAIN_SELF = YES;
				CLANG_WARN_OBJC_LITERAL_CONVERSION = YES;
				CLANG_WARN_OBJC_ROOT_CLASS = YES_ERROR;
				CLANG_WARN_QUOTED_INCLUDE_IN_FRAMEWORK_HEADER = YES;
				CLANG_WARN_RANGE_LOOP_ANALYSIS = YES;
				CLANG_WARN_STRICT_PROTOTYPES = YES;
				CLANG_WARN_SUSPICIOUS_MOVE = YES;
				CLANG_WARN_UNGUARDED_AVAILABILITY = YES_AGGRESSIVE;
				CLANG_WARN_UNREACHABLE_CODE = YES;
				CLANG_WARN__DUPLICATE_METHOD_MATCH = YES;
				COPY_PHASE_STRIP = NO;
				DEBUG_INFORMATION_FORMAT = dwarf;
				ENABLE_STRICT_OBJC_MSGSEND = YES;
				ENABLE_TESTABILITY = YES;
				GCC_C_LANGUAGE_STANDARD = gnu11;
				GCC_DYNAMIC_NO_PIC = NO;
				GCC_NO_COMMON_BLOCKS = YES;
				GCC_OPTIMIZATION_LEVEL = 0;
				GCC_PREPROCESSOR_DEFINITIONS = (
					"DEBUG=1",
					"$(inherited)",
				);
				GCC_WARN_64_TO_32_BIT_CONVERSION = YES;
				GCC_WARN_ABOUT_RETURN_TYPE = YES_ERROR;
				GCC_WARN_UNDECLARED_SELECTOR = YES;
				GCC_WARN_UNINITIALIZED_AUTOS = YES_AGGRESSIVE;
				GCC_WARN_UNUSED_FUNCTION = YES;
				GCC_WARN_UNUSED_VARIABLE = YES;
				IPHONEOS_DEPLOYMENT_TARGET = 16.0;
				MTL_ENABLE_DEBUG_INFO = INCLUDE_SOURCE;
				MTL_FAST_MATH = YES;
				ONLY_ACTIVE_ARCH = YES;
				SDKROOT = iphoneos;
				SWIFT_ACTIVE_COMPILATION_CONDITIONS = DEBUG;
				SWIFT_OPTIMIZATION_LEVEL = "-Onone";
			};
			name = Debug;
		};
		A1E04A8D28F068F5000FBFD2 /* Release */ = {
			isa = XCBuildConfiguration;
			buildSettings = {
				ALWAYS_SEARCH_USER_PATHS = NO;
				CLANG_ANALYZER_NONNULL = YES;
				CLANG_ANALYZER_NUMBER_OBJECT_CONVERSION = YES_AGGRESSIVE;
				CLANG_CXX_LANGUAGE_STANDARD = "gnu++20";
				CLANG_ENABLE_MODULES = YES;
				CLANG_ENABLE_OBJC_ARC = YES;
				CLANG_ENABLE_OBJC_WEAK = YES;
				CLANG_WARN_BLOCK_CAPTURE_AUTORELEASING = YES;
				CLANG_WARN_BOOL_CONVERSION = YES;
				CLANG_WARN_COMMA = YES;
				CLANG_WARN_CONSTANT_CONVERSION = YES;
				CLANG_WARN_DEPRECATED_OBJC_IMPLEMENTATIONS = YES;
				CLANG_WARN_DIRECT_OBJC_ISA_USAGE = YES_ERROR;
				CLANG_WARN_DOCUMENTATION_COMMENTS = YES;
				CLANG_WARN_EMPTY_BODY = YES;
				CLANG_WARN_ENUM_CONVERSION = YES;
				CLANG_WARN_INFINITE_RECURSION = YES;
				CLANG_WARN_INT_CONVERSION = YES;
				CLANG_WARN_NON_LITERAL_NULL_CONVERSION = YES;
				CLANG_WARN_OBJC_IMPLICIT_RETAIN_SELF = YES;
				CLANG_WARN_OBJC_LITERAL_CONVERSION = YES;
				CLANG_WARN_OBJC_ROOT_CLASS = YES_ERROR;
				CLANG_WARN_QUOTED_INCLUDE_IN_FRAMEWORK_HEADER = YES;
				CLANG_WARN_RANGE_LOOP_ANALYSIS = YES;
				CLANG_WARN_STRICT_PROTOTYPES = YES;
				CLANG_WARN_SUSPICIOUS_MOVE = YES;
				CLANG_WARN_UNGUARDED_AVAILABILITY = YES_AGGRESSIVE;
				CLANG_WARN_UNREACHABLE_CODE = YES;
				CLANG_WARN__DUPLICATE_METHOD_MATCH = YES;
				COPY_PHASE_STRIP = NO;
				DEBUG_INFORMATION_FORMAT = "dwarf-with-dsym";
				ENABLE_NS_ASSERTIONS = NO;
				ENABLE_STRICT_OBJC_MSGSEND = YES;
				GCC_C_LANGUAGE_STANDARD = gnu11;
				GCC_NO_COMMON_BLOCKS = YES;
				GCC_WARN_64_TO_32_BIT_CONVERSION = YES;
				GCC_WARN_ABOUT_RETURN_TYPE = YES_ERROR;
				GCC_WARN_UNDECLARED_SELECTOR = YES;
				GCC_WARN_UNINITIALIZED_AUTOS = YES_AGGRESSIVE;
				GCC_WARN_UNUSED_FUNCTION = YES;
				GCC_WARN_UNUSED_VARIABLE = YES;
				IPHONEOS_DEPLOYMENT_TARGET = 16.0;
				MTL_ENABLE_DEBUG_INFO = NO;
				MTL_FAST_MATH = YES;
				SDKROOT = iphoneos;
				SWIFT_COMPILATION_MODE = wholemodule;
				SWIFT_OPTIMIZATION_LEVEL = "-O";
				VALIDATE_PRODUCT = YES;
			};
			name = Release;
		};
		A1E04A8F28F068F5000FBFD2 /* Debug */ = {
			isa = XCBuildConfiguration;
			buildSettings = {
				ASSETCATALOG_COMPILER_APPICON_NAME = AppIcon;
				ASSETCATALOG_COMPILER_GLOBAL_ACCENT_COLOR_NAME = AccentColor;
				CODE_SIGN_STYLE = Automatic;
				CURRENT_PROJECT_VERSION = 1;
				GENERATE_INFOPLIST_FILE = YES;
				INFOPLIST_FILE = figma1/App/Info.plist;
				INFOPLIST_KEY_UIApplicationSupportsIndirectInputEvents = YES;
				INFOPLIST_KEY_UILaunchStoryboardName = LaunchScreen;
				INFOPLIST_KEY_UIMainStoryboardFile = Main;
				INFOPLIST_KEY_UISupportedInterfaceOrientations_iPad = "UIInterfaceOrientationPortrait UIInterfaceOrientationPortraitUpsideDown UIInterfaceOrientationLandscapeLeft UIInterfaceOrientationLandscapeRight";
				INFOPLIST_KEY_UISupportedInterfaceOrientations_iPhone = "UIInterfaceOrientationPortrait UIInterfaceOrientationLandscapeLeft UIInterfaceOrientationLandscapeRight";
				LD_RUNPATH_SEARCH_PATHS = (
					"$(inherited)",
					"@executable_path/Frameworks",
				);
				MARKETING_VERSION = 1.0;
				PRODUCT_BUNDLE_IDENTIFIER = com.itis.figma1;
				PRODUCT_NAME = "$(TARGET_NAME)";
				SWIFT_EMIT_LOC_STRINGS = YES;
				SWIFT_VERSION = 5.0;
				TARGETED_DEVICE_FAMILY = "1,2";
			};
			name = Debug;
		};
		A1E04A9028F068F5000FBFD2 /* Release */ = {
			isa = XCBuildConfiguration;
			buildSettings = {
				ASSETCATALOG_COMPILER_APPICON_NAME = AppIcon;
				ASSETCATALOG_COMPILER_GLOBAL_ACCENT_COLOR_NAME = AccentColor;
				CODE_SIGN_STYLE = Automatic;
				CURRENT_PROJECT_VERSION = 1;
				GENERATE_INFOPLIST_FILE = YES;
				INFOPLIST_FILE = figma1/App/Info.plist;
				INFOPLIST_KEY_UIApplicationSupportsIndirectInputEvents = YES;
				INFOPLIST_KEY_UILaunchStoryboardName = LaunchScreen;
				INFOPLIST_KEY_UIMainStoryboardFile = Main;
				INFOPLIST_KEY_UISupportedInterfaceOrientations_iPad = "UIInterfaceOrientationPortrait UIInterfaceOrientationPortraitUpsideDown UIInterfaceOrientationLandscapeLeft UIInterfaceOrientationLandscapeRight";
				INFOPLIST_KEY_UISupportedInterfaceOrientations_iPhone = "UIInterfaceOrientationPortrait UIInterfaceOrientationLandscapeLeft UIInterfaceOrientationLandscapeRight";
				LD_RUNPATH_SEARCH_PATHS = (
					"$(inherited)",
					"@executable_path/Frameworks",
				);
				MARKETING_VERSION = 1.0;
				PRODUCT_BUNDLE_IDENTIFIER = com.itis.figma1;
				PRODUCT_NAME = "$(TARGET_NAME)";
				SWIFT_EMIT_LOC_STRINGS = YES;
				SWIFT_VERSION = 5.0;
				TARGETED_DEVICE_FAMILY = "1,2";
			};
			name = Release;
		};
/* End XCBuildConfiguration section */

/* Begin XCConfigurationList section */
		A1E04A7528F068F3000FBFD2 /* Build configuration list for PBXProject "figma1" */ = {
			isa = XCConfigurationList;
			buildConfigurations = (
				A1E04A8C28F068F5000FBFD2 /* Debug */,
				A1E04A8D28F068F5000FBFD2 /* Release */,
			);
			defaultConfigurationIsVisible = 0;
			defaultConfigurationName = Release;
		};
		A1E04A8E28F068F5000FBFD2 /* Build configuration list for PBXNativeTarget "figma1" */ = {
			isa = XCConfigurationList;
			buildConfigurations = (
				A1E04A8F28F068F5000FBFD2 /* Debug */,
				A1E04A9028F068F5000FBFD2 /* Release */,
			);
			defaultConfigurationIsVisible = 0;
			defaultConfigurationName = Release;
		};
/* End XCConfigurationList section */
	};
	rootObject = A1E04A7228F068F3000FBFD2 /* Project object */;
}
